// !$*UTF8*$!
{
	archiveVersion = 1;
	classes = {
	};
	objectVersion = 51;
	objects = {

/* Begin PBXBuildFile section */
		0437B26C25B7F4B90059C0A4 /* AppDelegate.swift in Sources */ = {isa = PBXBuildFile; fileRef = 0437B26B25B7F4B90059C0A4 /* AppDelegate.swift */; };
		0437B27325B7F4B90059C0A4 /* Main.storyboard in Resources */ = {isa = PBXBuildFile; fileRef = 0437B27125B7F4B90059C0A4 /* Main.storyboard */; };
		0437B27525B7F4BA0059C0A4 /* Assets.xcassets in Resources */ = {isa = PBXBuildFile; fileRef = 0437B27425B7F4BA0059C0A4 /* Assets.xcassets */; };
		0437B27825B7F4BA0059C0A4 /* LaunchScreen.storyboard in Resources */ = {isa = PBXBuildFile; fileRef = 0437B27625B7F4BA0059C0A4 /* LaunchScreen.storyboard */; };
		0437B2D525B804A40059C0A4 /* MainTabBarController.swift in Sources */ = {isa = PBXBuildFile; fileRef = 0437B2D425B804A40059C0A4 /* MainTabBarController.swift */; };
		0437B2DF25B80B230059C0A4 /* BaseVC.swift in Sources */ = {isa = PBXBuildFile; fileRef = 0437B2DE25B80B230059C0A4 /* BaseVC.swift */; };
		0437B2E325B80B730059C0A4 /* HomeVC.swift in Sources */ = {isa = PBXBuildFile; fileRef = 0437B2E225B80B730059C0A4 /* HomeVC.swift */; };
		0437B2EF25B81CBB0059C0A4 /* Home.storyboard in Resources */ = {isa = PBXBuildFile; fileRef = 0437B2EE25B81CBB0059C0A4 /* Home.storyboard */; };
		0437B2F225B81CC30059C0A4 /* Rank.storyboard in Resources */ = {isa = PBXBuildFile; fileRef = 0437B2F125B81CC30059C0A4 /* Rank.storyboard */; };
		0437B2F525B81CCD0059C0A4 /* Discover.storyboard in Resources */ = {isa = PBXBuildFile; fileRef = 0437B2F425B81CCD0059C0A4 /* Discover.storyboard */; };
		0437B2F825B81CD40059C0A4 /* Profile.storyboard in Resources */ = {isa = PBXBuildFile; fileRef = 0437B2F725B81CD40059C0A4 /* Profile.storyboard */; };
		0437B2FB25B8291B0059C0A4 /* RankVC.swift in Sources */ = {isa = PBXBuildFile; fileRef = 0437B2FA25B8291B0059C0A4 /* RankVC.swift */; };
		0437B2FE25B829250059C0A4 /* DiscoverVC.swift in Sources */ = {isa = PBXBuildFile; fileRef = 0437B2FD25B829250059C0A4 /* DiscoverVC.swift */; };
		0437B30125B8292E0059C0A4 /* ProfileVC.swift in Sources */ = {isa = PBXBuildFile; fileRef = 0437B30025B8292E0059C0A4 /* ProfileVC.swift */; };
		0437B30625B82BEA0059C0A4 /* BaseNavigationVC.swift in Sources */ = {isa = PBXBuildFile; fileRef = 0437B30525B82BEA0059C0A4 /* BaseNavigationVC.swift */; };
		0446168325F22F720044A1B9 /* LoginVC.swift in Sources */ = {isa = PBXBuildFile; fileRef = 0446168225F22F720044A1B9 /* LoginVC.swift */; };
		044DCA5325B91C4700A596AC /* Extension-UIColor.swift in Sources */ = {isa = PBXBuildFile; fileRef = 044DCA5225B91C4700A596AC /* Extension-UIColor.swift */; };
		045E769F25BAD1D900187A68 /* RoomVC.swift in Sources */ = {isa = PBXBuildFile; fileRef = 045E769E25BAD1D900187A68 /* RoomVC.swift */; };
		045E76A725BAD70600187A68 /* RoomVC.xib in Resources */ = {isa = PBXBuildFile; fileRef = 045E76A625BAD70600187A68 /* RoomVC.xib */; };
		04E0F55725EF701000A361B3 /* NetworkTools.swift in Sources */ = {isa = PBXBuildFile; fileRef = 04E0F55625EF701000A361B3 /* NetworkTools.swift */; };
		04FE4BF825F5CFEF00D6F734 /* LoginModel.swift in Sources */ = {isa = PBXBuildFile; fileRef = 04FE4BF725F5CFEF00D6F734 /* LoginModel.swift */; };
		04FE4BFC25F5D5B100D6F734 /* BaseModel.swift in Sources */ = {isa = PBXBuildFile; fileRef = 04FE4BFB25F5D5B100D6F734 /* BaseModel.swift */; };
		04FE4C2025F5FAFC00D6F734 /* HomeModel.swift in Sources */ = {isa = PBXBuildFile; fileRef = 04FE4C1F25F5FAFC00D6F734 /* HomeModel.swift */; };
		CCD7FA804208B31F23BF7541 /* Pods_LiveShow.framework in Frameworks */ = {isa = PBXBuildFile; fileRef = 2707CA3C5B53E903F74B4463 /* Pods_LiveShow.framework */; };
/* End PBXBuildFile section */

/* Begin PBXFileReference section */
		0437B26825B7F4B90059C0A4 /* LiveShow.app */ = {isa = PBXFileReference; explicitFileType = wrapper.application; includeInIndex = 0; path = LiveShow.app; sourceTree = BUILT_PRODUCTS_DIR; };
		0437B26B25B7F4B90059C0A4 /* AppDelegate.swift */ = {isa = PBXFileReference; lastKnownFileType = sourcecode.swift; path = AppDelegate.swift; sourceTree = "<group>"; };
		0437B27225B7F4B90059C0A4 /* Base */ = {isa = PBXFileReference; lastKnownFileType = file.storyboard; name = Base; path = Base.lproj/Main.storyboard; sourceTree = "<group>"; };
		0437B27425B7F4BA0059C0A4 /* Assets.xcassets */ = {isa = PBXFileReference; lastKnownFileType = folder.assetcatalog; path = Assets.xcassets; sourceTree = "<group>"; };
		0437B27725B7F4BA0059C0A4 /* Base */ = {isa = PBXFileReference; lastKnownFileType = file.storyboard; name = Base; path = Base.lproj/LaunchScreen.storyboard; sourceTree = "<group>"; };
		0437B27925B7F4BA0059C0A4 /* Info.plist */ = {isa = PBXFileReference; lastKnownFileType = text.plist.xml; path = Info.plist; sourceTree = "<group>"; };
		0437B2D425B804A40059C0A4 /* MainTabBarController.swift */ = {isa = PBXFileReference; lastKnownFileType = sourcecode.swift; path = MainTabBarController.swift; sourceTree = "<group>"; };
		0437B2DE25B80B230059C0A4 /* BaseVC.swift */ = {isa = PBXFileReference; lastKnownFileType = sourcecode.swift; path = BaseVC.swift; sourceTree = "<group>"; };
		0437B2E225B80B730059C0A4 /* HomeVC.swift */ = {isa = PBXFileReference; lastKnownFileType = sourcecode.swift; path = HomeVC.swift; sourceTree = "<group>"; };
		0437B2EE25B81CBB0059C0A4 /* Home.storyboard */ = {isa = PBXFileReference; lastKnownFileType = file.storyboard; path = Home.storyboard; sourceTree = "<group>"; };
		0437B2F125B81CC30059C0A4 /* Rank.storyboard */ = {isa = PBXFileReference; lastKnownFileType = file.storyboard; path = Rank.storyboard; sourceTree = "<group>"; };
		0437B2F425B81CCD0059C0A4 /* Discover.storyboard */ = {isa = PBXFileReference; lastKnownFileType = file.storyboard; path = Discover.storyboard; sourceTree = "<group>"; };
		0437B2F725B81CD40059C0A4 /* Profile.storyboard */ = {isa = PBXFileReference; lastKnownFileType = file.storyboard; path = Profile.storyboard; sourceTree = "<group>"; };
		0437B2FA25B8291B0059C0A4 /* RankVC.swift */ = {isa = PBXFileReference; lastKnownFileType = sourcecode.swift; path = RankVC.swift; sourceTree = "<group>"; };
		0437B2FD25B829250059C0A4 /* DiscoverVC.swift */ = {isa = PBXFileReference; lastKnownFileType = sourcecode.swift; path = DiscoverVC.swift; sourceTree = "<group>"; };
		0437B30025B8292E0059C0A4 /* ProfileVC.swift */ = {isa = PBXFileReference; lastKnownFileType = sourcecode.swift; path = ProfileVC.swift; sourceTree = "<group>"; };
		0437B30525B82BEA0059C0A4 /* BaseNavigationVC.swift */ = {isa = PBXFileReference; lastKnownFileType = sourcecode.swift; path = BaseNavigationVC.swift; sourceTree = "<group>"; };
		0446168225F22F720044A1B9 /* LoginVC.swift */ = {isa = PBXFileReference; lastKnownFileType = sourcecode.swift; path = LoginVC.swift; sourceTree = "<group>"; };
		044DCA5225B91C4700A596AC /* Extension-UIColor.swift */ = {isa = PBXFileReference; lastKnownFileType = sourcecode.swift; path = "Extension-UIColor.swift"; sourceTree = "<group>"; };
		045E769E25BAD1D900187A68 /* RoomVC.swift */ = {isa = PBXFileReference; lastKnownFileType = sourcecode.swift; path = RoomVC.swift; sourceTree = "<group>"; };
		045E76A625BAD70600187A68 /* RoomVC.xib */ = {isa = PBXFileReference; lastKnownFileType = file.xib; path = RoomVC.xib; sourceTree = "<group>"; };
		04E0F55625EF701000A361B3 /* NetworkTools.swift */ = {isa = PBXFileReference; lastKnownFileType = sourcecode.swift; path = NetworkTools.swift; sourceTree = "<group>"; };
		04FE4BF725F5CFEF00D6F734 /* LoginModel.swift */ = {isa = PBXFileReference; lastKnownFileType = sourcecode.swift; path = LoginModel.swift; sourceTree = "<group>"; };
		04FE4BFB25F5D5B100D6F734 /* BaseModel.swift */ = {isa = PBXFileReference; lastKnownFileType = sourcecode.swift; path = BaseModel.swift; sourceTree = "<group>"; };
		04FE4C1F25F5FAFC00D6F734 /* HomeModel.swift */ = {isa = PBXFileReference; lastKnownFileType = sourcecode.swift; path = HomeModel.swift; sourceTree = "<group>"; };
		2707CA3C5B53E903F74B4463 /* Pods_LiveShow.framework */ = {isa = PBXFileReference; explicitFileType = wrapper.framework; includeInIndex = 0; path = Pods_LiveShow.framework; sourceTree = BUILT_PRODUCTS_DIR; };
		51EC8AB41D7EC78256AD63CD /* Pods-LiveShow.release.xcconfig */ = {isa = PBXFileReference; includeInIndex = 1; lastKnownFileType = text.xcconfig; name = "Pods-LiveShow.release.xcconfig"; path = "Target Support Files/Pods-LiveShow/Pods-LiveShow.release.xcconfig"; sourceTree = "<group>"; };
		D26F67F24F31DBDF7DCA5C0F /* Pods-LiveShow.debug.xcconfig */ = {isa = PBXFileReference; includeInIndex = 1; lastKnownFileType = text.xcconfig; name = "Pods-LiveShow.debug.xcconfig"; path = "Target Support Files/Pods-LiveShow/Pods-LiveShow.debug.xcconfig"; sourceTree = "<group>"; };
/* End PBXFileReference section */

/* Begin PBXFrameworksBuildPhase section */
		0437B26525B7F4B90059C0A4 /* Frameworks */ = {
			isa = PBXFrameworksBuildPhase;
			buildActionMask = 2147483647;
			files = (
				CCD7FA804208B31F23BF7541 /* Pods_LiveShow.framework in Frameworks */,
			);
			runOnlyForDeploymentPostprocessing = 0;
		};
/* End PBXFrameworksBuildPhase section */

/* Begin PBXGroup section */
		0405A47B25F3353E00820C77 /* Model */ = {
			isa = PBXGroup;
			children = (
				04FE4BFB25F5D5B100D6F734 /* BaseModel.swift */,
			);
			path = Model;
			sourceTree = "<group>";
		};
		0437B25F25B7F4B90059C0A4 = {
			isa = PBXGroup;
			children = (
				0437B26A25B7F4B90059C0A4 /* LiveShow */,
				0437B26925B7F4B90059C0A4 /* Products */,
				05413333CBC696A9C2BC1340 /* Pods */,
				D2220C5EF71BA45E87EB8A85 /* Frameworks */,
			);
			sourceTree = "<group>";
		};
		0437B26925B7F4B90059C0A4 /* Products */ = {
			isa = PBXGroup;
			children = (
				0437B26825B7F4B90059C0A4 /* LiveShow.app */,
			);
			name = Products;
			sourceTree = "<group>";
		};
		0437B26A25B7F4B90059C0A4 /* LiveShow */ = {
			isa = PBXGroup;
			children = (
				0437B2D225B8021B0059C0A4 /* AppDelete */,
				0437B2D725B809860059C0A4 /* Modules */,
				0437B2DC25B80AFD0059C0A4 /* Base */,
				0437B30825B832AA0059C0A4 /* Utils */,
				0437B2CE25B7FF0D0059C0A4 /* SupportFile */,
			);
			path = LiveShow;
			sourceTree = "<group>";
		};
		0437B2CE25B7FF0D0059C0A4 /* SupportFile */ = {
			isa = PBXGroup;
			children = (
				0437B27925B7F4BA0059C0A4 /* Info.plist */,
				0437B27125B7F4B90059C0A4 /* Main.storyboard */,
				0437B27425B7F4BA0059C0A4 /* Assets.xcassets */,
				0437B27625B7F4BA0059C0A4 /* LaunchScreen.storyboard */,
			);
			path = SupportFile;
			sourceTree = "<group>";
		};
		0437B2D225B8021B0059C0A4 /* AppDelete */ = {
			isa = PBXGroup;
			children = (
				0437B26B25B7F4B90059C0A4 /* AppDelegate.swift */,
			);
			path = AppDelete;
			sourceTree = "<group>";
		};
		0437B2D325B803F30059C0A4 /* Main */ = {
			isa = PBXGroup;
			children = (
				0437B2D425B804A40059C0A4 /* MainTabBarController.swift */,
			);
			path = Main;
			sourceTree = "<group>";
		};
		0437B2D725B809860059C0A4 /* Modules */ = {
			isa = PBXGroup;
			children = (
				0446168125F22F590044A1B9 /* Login */,
				045E769D25BAD1BA00187A68 /* Live */,
				0437B2D325B803F30059C0A4 /* Main */,
				0437B2DB25B809A40059C0A4 /* Profile */,
				0437B2DA25B8099E0059C0A4 /* Discover */,
				0437B2D925B809990059C0A4 /* Rank */,
				0437B2D825B809940059C0A4 /* Home */,
			);
			path = Modules;
			sourceTree = "<group>";
		};
		0437B2D825B809940059C0A4 /* Home */ = {
			isa = PBXGroup;
			children = (
				04FE4C1E25F5FAE200D6F734 /* Model */,
				0437B2E225B80B730059C0A4 /* HomeVC.swift */,
				0437B2EE25B81CBB0059C0A4 /* Home.storyboard */,
			);
			path = Home;
			sourceTree = "<group>";
		};
		0437B2D925B809990059C0A4 /* Rank */ = {
			isa = PBXGroup;
			children = (
				0437B2FA25B8291B0059C0A4 /* RankVC.swift */,
				0437B2F125B81CC30059C0A4 /* Rank.storyboard */,
			);
			path = Rank;
			sourceTree = "<group>";
		};
		0437B2DA25B8099E0059C0A4 /* Discover */ = {
			isa = PBXGroup;
			children = (
				0437B2FD25B829250059C0A4 /* DiscoverVC.swift */,
				0437B2F425B81CCD0059C0A4 /* Discover.storyboard */,
			);
			path = Discover;
			sourceTree = "<group>";
		};
		0437B2DB25B809A40059C0A4 /* Profile */ = {
			isa = PBXGroup;
			children = (
				0437B30025B8292E0059C0A4 /* ProfileVC.swift */,
				0437B2F725B81CD40059C0A4 /* Profile.storyboard */,
			);
			path = Profile;
			sourceTree = "<group>";
		};
		0437B2DC25B80AFD0059C0A4 /* Base */ = {
			isa = PBXGroup;
			children = (
				0405A47B25F3353E00820C77 /* Model */,
				0437B2DD25B80B020059C0A4 /* Controller */,
			);
			path = Base;
			sourceTree = "<group>";
		};
		0437B2DD25B80B020059C0A4 /* Controller */ = {
			isa = PBXGroup;
			children = (
				0437B2DE25B80B230059C0A4 /* BaseVC.swift */,
				0437B30525B82BEA0059C0A4 /* BaseNavigationVC.swift */,
			);
			path = Controller;
			sourceTree = "<group>";
		};
		0437B30825B832AA0059C0A4 /* Utils */ = {
			isa = PBXGroup;
			children = (
				04E0F55525EF6FDF00A361B3 /* NetManager */,
				0437B30925B832D60059C0A4 /* Extension */,
			);
			path = Utils;
			sourceTree = "<group>";
		};
		0437B30925B832D60059C0A4 /* Extension */ = {
			isa = PBXGroup;
			children = (
				044DCA5225B91C4700A596AC /* Extension-UIColor.swift */,
			);
			path = Extension;
			sourceTree = "<group>";
		};
		0446168125F22F590044A1B9 /* Login */ = {
			isa = PBXGroup;
			children = (
				0446168225F22F720044A1B9 /* LoginVC.swift */,
				04FE4BF725F5CFEF00D6F734 /* LoginModel.swift */,
			);
			path = Login;
			sourceTree = "<group>";
		};
		045E769D25BAD1BA00187A68 /* Live */ = {
			isa = PBXGroup;
			children = (
				045E769E25BAD1D900187A68 /* RoomVC.swift */,
				045E76A625BAD70600187A68 /* RoomVC.xib */,
			);
			path = Live;
			sourceTree = "<group>";
		};
		04E0F55525EF6FDF00A361B3 /* NetManager */ = {
			isa = PBXGroup;
			children = (
				04E0F55625EF701000A361B3 /* NetworkTools.swift */,
			);
			path = NetManager;
			sourceTree = "<group>";
		};
		04FE4C1E25F5FAE200D6F734 /* Model */ = {
			isa = PBXGroup;
			children = (
				04FE4C1F25F5FAFC00D6F734 /* HomeModel.swift */,
			);
			path = Model;
			sourceTree = "<group>";
		};
		05413333CBC696A9C2BC1340 /* Pods */ = {
			isa = PBXGroup;
			children = (
				D26F67F24F31DBDF7DCA5C0F /* Pods-LiveShow.debug.xcconfig */,
				51EC8AB41D7EC78256AD63CD /* Pods-LiveShow.release.xcconfig */,
			);
			path = Pods;
			sourceTree = "<group>";
		};
		D2220C5EF71BA45E87EB8A85 /* Frameworks */ = {
			isa = PBXGroup;
			children = (
				2707CA3C5B53E903F74B4463 /* Pods_LiveShow.framework */,
			);
			name = Frameworks;
			sourceTree = "<group>";
		};
/* End PBXGroup section */

/* Begin PBXNativeTarget section */
		0437B26725B7F4B90059C0A4 /* LiveShow */ = {
			isa = PBXNativeTarget;
			buildConfigurationList = 0437B27C25B7F4BA0059C0A4 /* Build configuration list for PBXNativeTarget "LiveShow" */;
			buildPhases = (
				B28EC8CB9CF4165B72D79A26 /* [CP] Check Pods Manifest.lock */,
				0437B26425B7F4B90059C0A4 /* Sources */,
				0437B26525B7F4B90059C0A4 /* Frameworks */,
				0437B26625B7F4B90059C0A4 /* Resources */,
				8C4C82964F9CD85C69FAA160 /* [CP] Embed Pods Frameworks */,
			);
			buildRules = (
			);
			dependencies = (
			);
			name = LiveShow;
			productName = LiveShow;
			productReference = 0437B26825B7F4B90059C0A4 /* LiveShow.app */;
			productType = "com.apple.product-type.application";
		};
/* End PBXNativeTarget section */

/* Begin PBXProject section */
		0437B26025B7F4B90059C0A4 /* Project object */ = {
			isa = PBXProject;
			attributes = {
				LastSwiftUpdateCheck = 1200;
				LastUpgradeCheck = 1200;
				TargetAttributes = {
					0437B26725B7F4B90059C0A4 = {
						CreatedOnToolsVersion = 12.0.1;
					};
				};
			};
			buildConfigurationList = 0437B26325B7F4B90059C0A4 /* Build configuration list for PBXProject "LiveShow" */;
			compatibilityVersion = "Xcode 9.3";
			developmentRegion = en;
			hasScannedForEncodings = 0;
			knownRegions = (
				en,
				Base,
			);
			mainGroup = 0437B25F25B7F4B90059C0A4;
			productRefGroup = 0437B26925B7F4B90059C0A4 /* Products */;
			projectDirPath = "";
			projectRoot = "";
			targets = (
				0437B26725B7F4B90059C0A4 /* LiveShow */,
			);
		};
/* End PBXProject section */

/* Begin PBXResourcesBuildPhase section */
		0437B26625B7F4B90059C0A4 /* Resources */ = {
			isa = PBXResourcesBuildPhase;
			buildActionMask = 2147483647;
			files = (
				0437B2F225B81CC30059C0A4 /* Rank.storyboard in Resources */,
				045E76A725BAD70600187A68 /* RoomVC.xib in Resources */,
				0437B27825B7F4BA0059C0A4 /* LaunchScreen.storyboard in Resources */,
				0437B27525B7F4BA0059C0A4 /* Assets.xcassets in Resources */,
				0437B27325B7F4B90059C0A4 /* Main.storyboard in Resources */,
				0437B2EF25B81CBB0059C0A4 /* Home.storyboard in Resources */,
				0437B2F825B81CD40059C0A4 /* Profile.storyboard in Resources */,
				0437B2F525B81CCD0059C0A4 /* Discover.storyboard in Resources */,
			);
			runOnlyForDeploymentPostprocessing = 0;
		};
/* End PBXResourcesBuildPhase section */

/* Begin PBXShellScriptBuildPhase section */
		8C4C82964F9CD85C69FAA160 /* [CP] Embed Pods Frameworks */ = {
			isa = PBXShellScriptBuildPhase;
			buildActionMask = 2147483647;
			files = (
			);
			inputFileListPaths = (
				"${PODS_ROOT}/Target Support Files/Pods-LiveShow/Pods-LiveShow-frameworks-${CONFIGURATION}-input-files.xcfilelist",
			);
			name = "[CP] Embed Pods Frameworks";
			outputFileListPaths = (
				"${PODS_ROOT}/Target Support Files/Pods-LiveShow/Pods-LiveShow-frameworks-${CONFIGURATION}-output-files.xcfilelist",
			);
			runOnlyForDeploymentPostprocessing = 0;
			shellPath = /bin/sh;
			shellScript = "\"${PODS_ROOT}/Target Support Files/Pods-LiveShow/Pods-LiveShow-frameworks.sh\"\n";
			showEnvVarsInLog = 0;
		};
		B28EC8CB9CF4165B72D79A26 /* [CP] Check Pods Manifest.lock */ = {
			isa = PBXShellScriptBuildPhase;
			buildActionMask = 2147483647;
			files = (
			);
			inputFileListPaths = (
			);
			inputPaths = (
				"${PODS_PODFILE_DIR_PATH}/Podfile.lock",
				"${PODS_ROOT}/Manifest.lock",
			);
			name = "[CP] Check Pods Manifest.lock";
			outputFileListPaths = (
			);
			outputPaths = (
				"$(DERIVED_FILE_DIR)/Pods-LiveShow-checkManifestLockResult.txt",
			);
			runOnlyForDeploymentPostprocessing = 0;
			shellPath = /bin/sh;
			shellScript = "diff \"${PODS_PODFILE_DIR_PATH}/Podfile.lock\" \"${PODS_ROOT}/Manifest.lock\" > /dev/null\nif [ $? != 0 ] ; then\n    # print error to STDERR\n    echo \"error: The sandbox is not in sync with the Podfile.lock. Run 'pod install' or update your CocoaPods installation.\" >&2\n    exit 1\nfi\n# This output is used by Xcode 'outputs' to avoid re-running this script phase.\necho \"SUCCESS\" > \"${SCRIPT_OUTPUT_FILE_0}\"\n";
			showEnvVarsInLog = 0;
		};
/* End PBXShellScriptBuildPhase section */

/* Begin PBXSourcesBuildPhase section */
		0437B26425B7F4B90059C0A4 /* Sources */ = {
			isa = PBXSourcesBuildPhase;
			buildActionMask = 2147483647;
			files = (
				0437B2D525B804A40059C0A4 /* MainTabBarController.swift in Sources */,
				04FE4BF825F5CFEF00D6F734 /* LoginModel.swift in Sources */,
				04FE4BFC25F5D5B100D6F734 /* BaseModel.swift in Sources */,
				04E0F55725EF701000A361B3 /* NetworkTools.swift in Sources */,
				0446168325F22F720044A1B9 /* LoginVC.swift in Sources */,
				0437B2E325B80B730059C0A4 /* HomeVC.swift in Sources */,
				0437B30125B8292E0059C0A4 /* ProfileVC.swift in Sources */,
				0437B2FB25B8291B0059C0A4 /* RankVC.swift in Sources */,
				04FE4C2025F5FAFC00D6F734 /* HomeModel.swift in Sources */,
				0437B2DF25B80B230059C0A4 /* BaseVC.swift in Sources */,
				044DCA5325B91C4700A596AC /* Extension-UIColor.swift in Sources */,
				0437B30625B82BEA0059C0A4 /* BaseNavigationVC.swift in Sources */,
				0437B26C25B7F4B90059C0A4 /* AppDelegate.swift in Sources */,
				0437B2FE25B829250059C0A4 /* DiscoverVC.swift in Sources */,
				045E769F25BAD1D900187A68 /* RoomVC.swift in Sources */,
			);
			runOnlyForDeploymentPostprocessing = 0;
		};
/* End PBXSourcesBuildPhase section */

/* Begin PBXVariantGroup section */
		0437B27125B7F4B90059C0A4 /* Main.storyboard */ = {
			isa = PBXVariantGroup;
			children = (
				0437B27225B7F4B90059C0A4 /* Base */,
			);
			name = Main.storyboard;
			sourceTree = "<group>";
		};
		0437B27625B7F4BA0059C0A4 /* LaunchScreen.storyboard */ = {
			isa = PBXVariantGroup;
			children = (
				0437B27725B7F4BA0059C0A4 /* Base */,
			);
			name = LaunchScreen.storyboard;
			sourceTree = "<group>";
		};
/* End PBXVariantGroup section */

/* Begin XCBuildConfiguration section */
		0437B27A25B7F4BA0059C0A4 /* Debug */ = {
			isa = XCBuildConfiguration;
			buildSettings = {
				ALWAYS_SEARCH_USER_PATHS = NO;
				CLANG_ANALYZER_NONNULL = YES;
				CLANG_ANALYZER_NUMBER_OBJECT_CONVERSION = YES_AGGRESSIVE;
				CLANG_CXX_LANGUAGE_STANDARD = "gnu++14";
				CLANG_CXX_LIBRARY = "libc++";
				CLANG_ENABLE_MODULES = YES;
				CLANG_ENABLE_OBJC_ARC = YES;
				CLANG_ENABLE_OBJC_WEAK = YES;
				CLANG_WARN_BLOCK_CAPTURE_AUTORELEASING = YES;
				CLANG_WARN_BOOL_CONVERSION = YES;
				CLANG_WARN_COMMA = YES;
				CLANG_WARN_CONSTANT_CONVERSION = YES;
				CLANG_WARN_DEPRECATED_OBJC_IMPLEMENTATIONS = YES;
				CLANG_WARN_DIRECT_OBJC_ISA_USAGE = YES_ERROR;
				CLANG_WARN_DOCUMENTATION_COMMENTS = YES;
				CLANG_WARN_EMPTY_BODY = YES;
				CLANG_WARN_ENUM_CONVERSION = YES;
				CLANG_WARN_INFINITE_RECURSION = YES;
				CLANG_WARN_INT_CONVERSION = YES;
				CLANG_WARN_NON_LITERAL_NULL_CONVERSION = YES;
				CLANG_WARN_OBJC_IMPLICIT_RETAIN_SELF = YES;
				CLANG_WARN_OBJC_LITERAL_CONVERSION = YES;
				CLANG_WARN_OBJC_ROOT_CLASS = YES_ERROR;
				CLANG_WARN_QUOTED_INCLUDE_IN_FRAMEWORK_HEADER = YES;
				CLANG_WARN_RANGE_LOOP_ANALYSIS = YES;
				CLANG_WARN_STRICT_PROTOTYPES = YES;
				CLANG_WARN_SUSPICIOUS_MOVE = YES;
				CLANG_WARN_UNGUARDED_AVAILABILITY = YES_AGGRESSIVE;
				CLANG_WARN_UNREACHABLE_CODE = YES;
				CLANG_WARN__DUPLICATE_METHOD_MATCH = YES;
				COPY_PHASE_STRIP = NO;
				DEBUG_INFORMATION_FORMAT = dwarf;
				ENABLE_STRICT_OBJC_MSGSEND = YES;
				ENABLE_TESTABILITY = YES;
				GCC_C_LANGUAGE_STANDARD = gnu11;
				GCC_DYNAMIC_NO_PIC = NO;
				GCC_NO_COMMON_BLOCKS = YES;
				GCC_OPTIMIZATION_LEVEL = 0;
				GCC_PREPROCESSOR_DEFINITIONS = (
					"DEBUG=1",
					"$(inherited)",
				);
				GCC_WARN_64_TO_32_BIT_CONVERSION = YES;
				GCC_WARN_ABOUT_RETURN_TYPE = YES_ERROR;
				GCC_WARN_UNDECLARED_SELECTOR = YES;
				GCC_WARN_UNINITIALIZED_AUTOS = YES_AGGRESSIVE;
				GCC_WARN_UNUSED_FUNCTION = YES;
				GCC_WARN_UNUSED_VARIABLE = YES;
				IPHONEOS_DEPLOYMENT_TARGET = 14.0;
				MTL_ENABLE_DEBUG_INFO = INCLUDE_SOURCE;
				MTL_FAST_MATH = YES;
				ONLY_ACTIVE_ARCH = YES;
				SDKROOT = iphoneos;
				SWIFT_ACTIVE_COMPILATION_CONDITIONS = DEBUG;
				SWIFT_OPTIMIZATION_LEVEL = "-Onone";
			};
			name = Debug;
		};
		0437B27B25B7F4BA0059C0A4 /* Release */ = {
			isa = XCBuildConfiguration;
			buildSettings = {
				ALWAYS_SEARCH_USER_PATHS = NO;
				CLANG_ANALYZER_NONNULL = YES;
				CLANG_ANALYZER_NUMBER_OBJECT_CONVERSION = YES_AGGRESSIVE;
				CLANG_CXX_LANGUAGE_STANDARD = "gnu++14";
				CLANG_CXX_LIBRARY = "libc++";
				CLANG_ENABLE_MODULES = YES;
				CLANG_ENABLE_OBJC_ARC = YES;
				CLANG_ENABLE_OBJC_WEAK = YES;
				CLANG_WARN_BLOCK_CAPTURE_AUTORELEASING = YES;
				CLANG_WARN_BOOL_CONVERSION = YES;
				CLANG_WARN_COMMA = YES;
				CLANG_WARN_CONSTANT_CONVERSION = YES;
				CLANG_WARN_DEPRECATED_OBJC_IMPLEMENTATIONS = YES;
				CLANG_WARN_DIRECT_OBJC_ISA_USAGE = YES_ERROR;
				CLANG_WARN_DOCUMENTATION_COMMENTS = YES;
				CLANG_WARN_EMPTY_BODY = YES;
				CLANG_WARN_ENUM_CONVERSION = YES;
				CLANG_WARN_INFINITE_RECURSION = YES;
				CLANG_WARN_INT_CONVERSION = YES;
				CLANG_WARN_NON_LITERAL_NULL_CONVERSION = YES;
				CLANG_WARN_OBJC_IMPLICIT_RETAIN_SELF = YES;
				CLANG_WARN_OBJC_LITERAL_CONVERSION = YES;
				CLANG_WARN_OBJC_ROOT_CLASS = YES_ERROR;
				CLANG_WARN_QUOTED_INCLUDE_IN_FRAMEWORK_HEADER = YES;
				CLANG_WARN_RANGE_LOOP_ANALYSIS = YES;
				CLANG_WARN_STRICT_PROTOTYPES = YES;
				CLANG_WARN_SUSPICIOUS_MOVE = YES;
				CLANG_WARN_UNGUARDED_AVAILABILITY = YES_AGGRESSIVE;
				CLANG_WARN_UNREACHABLE_CODE = YES;
				CLANG_WARN__DUPLICATE_METHOD_MATCH = YES;
				COPY_PHASE_STRIP = NO;
				DEBUG_INFORMATION_FORMAT = "dwarf-with-dsym";
				ENABLE_NS_ASSERTIONS = NO;
				ENABLE_STRICT_OBJC_MSGSEND = YES;
				GCC_C_LANGUAGE_STANDARD = gnu11;
				GCC_NO_COMMON_BLOCKS = YES;
				GCC_WARN_64_TO_32_BIT_CONVERSION = YES;
				GCC_WARN_ABOUT_RETURN_TYPE = YES_ERROR;
				GCC_WARN_UNDECLARED_SELECTOR = YES;
				GCC_WARN_UNINITIALIZED_AUTOS = YES_AGGRESSIVE;
				GCC_WARN_UNUSED_FUNCTION = YES;
				GCC_WARN_UNUSED_VARIABLE = YES;
				IPHONEOS_DEPLOYMENT_TARGET = 14.0;
				MTL_ENABLE_DEBUG_INFO = NO;
				MTL_FAST_MATH = YES;
				SDKROOT = iphoneos;
				SWIFT_COMPILATION_MODE = wholemodule;
				SWIFT_OPTIMIZATION_LEVEL = "-O";
				VALIDATE_PRODUCT = YES;
			};
			name = Release;
		};
		0437B27D25B7F4BA0059C0A4 /* Debug */ = {
			isa = XCBuildConfiguration;
			baseConfigurationReference = D26F67F24F31DBDF7DCA5C0F /* Pods-LiveShow.debug.xcconfig */;
			buildSettings = {
				ASSETCATALOG_COMPILER_APPICON_NAME = AppIcon;
				ASSETCATALOG_COMPILER_GLOBAL_ACCENT_COLOR_NAME = AccentColor;
				CODE_SIGN_STYLE = Automatic;
				DEVELOPMENT_TEAM = 8NTJBCX232;
				INFOPLIST_FILE = LiveShow/SupportFile/Info.plist;
				IPHONEOS_DEPLOYMENT_TARGET = 9.0;
				LD_RUNPATH_SEARCH_PATHS = (
					"$(inherited)",
					"@executable_path/Frameworks",
				);
				PRODUCT_BUNDLE_IDENTIFIER = wpp.LiveShow;
				PRODUCT_NAME = "$(TARGET_NAME)";
				SWIFT_VERSION = 5.0;
				TARGETED_DEVICE_FAMILY = "1,2";
			};
			name = Debug;
		};
		0437B27E25B7F4BA0059C0A4 /* Release */ = {
			isa = XCBuildConfiguration;
			baseConfigurationReference = 51EC8AB41D7EC78256AD63CD /* Pods-LiveShow.release.xcconfig */;
			buildSettings = {
				ASSETCATALOG_COMPILER_APPICON_NAME = AppIcon;
				ASSETCATALOG_COMPILER_GLOBAL_ACCENT_COLOR_NAME = AccentColor;
				CODE_SIGN_STYLE = Automatic;
				DEVELOPMENT_TEAM = 8NTJBCX232;
				INFOPLIST_FILE = LiveShow/SupportFile/Info.plist;
				IPHONEOS_DEPLOYMENT_TARGET = 9.0;
				LD_RUNPATH_SEARCH_PATHS = (
					"$(inherited)",
					"@executable_path/Frameworks",
				);
				PRODUCT_BUNDLE_IDENTIFIER = wpp.LiveShow;
				PRODUCT_NAME = "$(TARGET_NAME)";
				SWIFT_VERSION = 5.0;
				TARGETED_DEVICE_FAMILY = "1,2";
			};
			name = Release;
		};
/* End XCBuildConfiguration section */

/* Begin XCConfigurationList section */
		0437B26325B7F4B90059C0A4 /* Build configuration list for PBXProject "LiveShow" */ = {
			isa = XCConfigurationList;
			buildConfigurations = (
				0437B27A25B7F4BA0059C0A4 /* Debug */,
				0437B27B25B7F4BA0059C0A4 /* Release */,
			);
			defaultConfigurationIsVisible = 0;
			defaultConfigurationName = Release;
		};
		0437B27C25B7F4BA0059C0A4 /* Build configuration list for PBXNativeTarget "LiveShow" */ = {
			isa = XCConfigurationList;
			buildConfigurations = (
				0437B27D25B7F4BA0059C0A4 /* Debug */,
				0437B27E25B7F4BA0059C0A4 /* Release */,
			);
			defaultConfigurationIsVisible = 0;
			defaultConfigurationName = Release;
		};
/* End XCConfigurationList section */
	};
	rootObject = 0437B26025B7F4B90059C0A4 /* Project object */;
}
